
Microsoft Visual Studio Solution File, Format Version 12.00
# Visual Studio Version 17
VisualStudioVersion = 17.8.34330.188
MinimumVisualStudioVersion = 10.0.40219.1
Project("{FAE04EC0-301F-11D3-BF4B-00C04F79EFBC}") = "ToastNotification", "ToastNotification.csproj", "{A97F5342-C588-485C-946E-91AD69FCD622}"
EndProject
Global
	GlobalSection(SolutionConfigurationPlatforms) = preSolution
		Debug|Any CPU = Debug|Any CPU
		Release|Any CPU = Release|Any CPU
	EndGlobalSection
	GlobalSection(ProjectConfigurationPlatforms) = postSolution
		{A97F5342-C588-485C-946E-91AD69FCD622}.Debug|Any CPU.ActiveCfg = Debug|Any CPU
		{A97F5342-C588-485C-946E-91AD69FCD622}.Debug|Any CPU.Build.0 = Debug|Any CPU
		{A97F5342-C588-485C-946E-91AD69FCD622}.Release|Any CPU.ActiveCfg = Release|Any CPU
		{A97F5342-C588-485C-946E-91AD69FCD622}.Release|Any CPU.Build.0 = Release|Any CPU
	EndGlobalSection
	GlobalSection(SolutionProperties) = preSolution
		HideSolutionNode = FALSE
	EndGlobalSection
	GlobalSection(ExtensibilityGlobals) = postSolution
		SolutionGuid = {64A072CF-A3B7-453B-B398-E3D16FA3B4D7}
	EndGlobalSection
EndGlobal
